
Microsoft Visual Studio Solution File, Format Version 12.00
# Visual Studio Version 16
VisualStudioVersion = 16.0.31410.357
MinimumVisualStudioVersion = 10.0.40219.1
Project("{FAE04EC0-301F-11D3-BF4B-00C04F79EFBC}") = "uklon3rd", "uklon3rd\uklon3rd.csproj", "{44CA622C-A43F-4319-A9E2-FE572F46A0D3}"
EndProject
Global
	GlobalSection(SolutionConfigurationPlatforms) = preSolution
		Debug|Any CPU = Debug|Any CPU
		Release|Any CPU = Release|Any CPU
	EndGlobalSection
	GlobalSection(ProjectConfigurationPlatforms) = postSolution
		{44CA622C-A43F-4319-A9E2-FE572F46A0D3}.Debug|Any CPU.ActiveCfg = Debug|Any CPU
		{44CA622C-A43F-4319-A9E2-FE572F46A0D3}.Debug|Any CPU.Build.0 = Debug|Any CPU
		{44CA622C-A43F-4319-A9E2-FE572F46A0D3}.Release|Any CPU.ActiveCfg = Release|Any CPU
		{44CA622C-A43F-4319-A9E2-FE572F46A0D3}.Release|Any CPU.Build.0 = Release|Any CPU
	EndGlobalSection
	GlobalSection(SolutionProperties) = preSolution
		HideSolutionNode = FALSE
	EndGlobalSection
	GlobalSection(ExtensibilityGlobals) = postSolution
		SolutionGuid = {60799276-9CA2-4FB7-A06F-5D1FDF9D138F}
	EndGlobalSection
EndGlobal
